
Microsoft Visual Studio Solution File, Format Version 12.00
# Visual Studio 15
VisualStudioVersion = 15.0.26730.16
MinimumVisualStudioVersion = 10.0.40219.1
Project("{FAE04EC0-301F-11D3-BF4B-00C04F79EFBC}") = "IsoCreatorLib", "IsoCreatorLib\IsoCreatorLib.csproj", "{834622F7-CB65-4F57-AE59-3FA0CCED4725}"
EndProject
Global
	GlobalSection(SolutionConfigurationPlatforms) = preSolution
		Debug|Any CPU = Debug|Any CPU
		Release|Any CPU = Release|Any CPU
	EndGlobalSection
	GlobalSection(ProjectConfigurationPlatforms) = postSolution
		{834622F7-CB65-4F57-AE59-3FA0CCED4725}.Debug|Any CPU.ActiveCfg = Debug|Any CPU
		{834622F7-CB65-4F57-AE59-3FA0CCED4725}.Debug|Any CPU.Build.0 = Debug|Any CPU
		{834622F7-CB65-4F57-AE59-3FA0CCED4725}.Release|Any CPU.ActiveCfg = Release|Any CPU
		{834622F7-CB65-4F57-AE59-3FA0CCED4725}.Release|Any CPU.Build.0 = Release|Any CPU
	EndGlobalSection
	GlobalSection(SolutionProperties) = preSolution
		HideSolutionNode = FALSE
	EndGlobalSection
	GlobalSection(ExtensibilityGlobals) = postSolution
		SolutionGuid = {2812A9C7-7DB6-4582-9739-2E6617069E55}
	EndGlobalSection
EndGlobal
